// !$*UTF8*$!
{
	archiveVersion = 1;
	classes = {
	};
	objectVersion = 50;
	objects = {

/* Begin PBXBuildFile section */
		B952966E2652B64500D8C8DD /* AppDelegate.swift in Sources */ = {isa = PBXBuildFile; fileRef = B952966D2652B64500D8C8DD /* AppDelegate.swift */; };
		B95296702652B64500D8C8DD /* SceneDelegate.swift in Sources */ = {isa = PBXBuildFile; fileRef = B952966F2652B64500D8C8DD /* SceneDelegate.swift */; };
		B95296722652B64500D8C8DD /* ViewController.swift in Sources */ = {isa = PBXBuildFile; fileRef = B95296712652B64500D8C8DD /* ViewController.swift */; };
		B95296752652B64500D8C8DD /* Main.storyboard in Resources */ = {isa = PBXBuildFile; fileRef = B95296732652B64500D8C8DD /* Main.storyboard */; };
		B95296772652B64600D8C8DD /* Assets.xcassets in Resources */ = {isa = PBXBuildFile; fileRef = B95296762652B64600D8C8DD /* Assets.xcassets */; };
		B952967A2652B64600D8C8DD /* LaunchScreen.storyboard in Resources */ = {isa = PBXBuildFile; fileRef = B95296782652B64600D8C8DD /* LaunchScreen.storyboard */; };
		B95296822652C45B00D8C8DD /* MathHandler.swift in Sources */ = {isa = PBXBuildFile; fileRef = B95296812652C45B00D8C8DD /* MathHandler.swift */; };
/* End PBXBuildFile section */

/* Begin PBXFileReference section */
		B952966A2652B64500D8C8DD /* Swift-calc.app */ = {isa = PBXFileReference; explicitFileType = wrapper.application; includeInIndex = 0; path = "Swift-calc.app"; sourceTree = BUILT_PRODUCTS_DIR; };
		B952966D2652B64500D8C8DD /* AppDelegate.swift */ = {isa = PBXFileReference; lastKnownFileType = sourcecode.swift; path = AppDelegate.swift; sourceTree = "<group>"; };
		B952966F2652B64500D8C8DD /* SceneDelegate.swift */ = {isa = PBXFileReference; lastKnownFileType = sourcecode.swift; path = SceneDelegate.swift; sourceTree = "<group>"; };
		B95296712652B64500D8C8DD /* ViewController.swift */ = {isa = PBXFileReference; lastKnownFileType = sourcecode.swift; path = ViewController.swift; sourceTree = "<group>"; };
		B95296742652B64500D8C8DD /* Base */ = {isa = PBXFileReference; lastKnownFileType = file.storyboard; name = Base; path = Base.lproj/Main.storyboard; sourceTree = "<group>"; };
		B95296762652B64600D8C8DD /* Assets.xcassets */ = {isa = PBXFileReference; lastKnownFileType = folder.assetcatalog; path = Assets.xcassets; sourceTree = "<group>"; };
		B95296792652B64600D8C8DD /* Base */ = {isa = PBXFileReference; lastKnownFileType = file.storyboard; name = Base; path = Base.lproj/LaunchScreen.storyboard; sourceTree = "<group>"; };
		B952967B2652B64600D8C8DD /* Info.plist */ = {isa = PBXFileReference; lastKnownFileType = text.plist.xml; path = Info.plist; sourceTree = "<group>"; };
		B95296812652C45B00D8C8DD /* MathHandler.swift */ = {isa = PBXFileReference; lastKnownFileType = sourcecode.swift; path = MathHandler.swift; sourceTree = "<group>"; };
/* End PBXFileReference section */

/* Begin PBXFrameworksBuildPhase section */
		B95296672652B64500D8C8DD /* Frameworks */ = {
			isa = PBXFrameworksBuildPhase;
			buildActionMask = 2147483647;
			files = (
			);
			runOnlyForDeploymentPostprocessing = 0;
		};
/* End PBXFrameworksBuildPhase section */

/* Begin PBXGroup section */
		B95296612652B64500D8C8DD = {
			isa = PBXGroup;
			children = (
				B952966C2652B64500D8C8DD /* Swift-calc */,
				B952966B2652B64500D8C8DD /* Products */,
			);
			sourceTree = "<group>";
		};
		B952966B2652B64500D8C8DD /* Products */ = {
			isa = PBXGroup;
			children = (
				B952966A2652B64500D8C8DD /* Swift-calc.app */,
			);
			name = Products;
			sourceTree = "<group>";
		};
		B952966C2652B64500D8C8DD /* Swift-calc */ = {
			isa = PBXGroup;
			children = (
				B952966D2652B64500D8C8DD /* AppDelegate.swift */,
				B952966F2652B64500D8C8DD /* SceneDelegate.swift */,
				B95296712652B64500D8C8DD /* ViewController.swift */,
				B95296732652B64500D8C8DD /* Main.storyboard */,
				B95296762652B64600D8C8DD /* Assets.xcassets */,
				B95296782652B64600D8C8DD /* LaunchScreen.storyboard */,
				B952967B2652B64600D8C8DD /* Info.plist */,
				B95296812652C45B00D8C8DD /* MathHandler.swift */,
			);
			path = "Swift-calc";
			sourceTree = "<group>";
		};
/* End PBXGroup section */

/* Begin PBXNativeTarget section */
		B95296692652B64500D8C8DD /* Swift-calc */ = {
			isa = PBXNativeTarget;
			buildConfigurationList = B952967E2652B64600D8C8DD /* Build configuration list for PBXNativeTarget "Swift-calc" */;
			buildPhases = (
				B95296662652B64500D8C8DD /* Sources */,
				B95296672652B64500D8C8DD /* Frameworks */,
				B95296682652B64500D8C8DD /* Resources */,
			);
			buildRules = (
			);
			dependencies = (
			);
			name = "Swift-calc";
			productName = "Swift-calc";
			productReference = B952966A2652B64500D8C8DD /* Swift-calc.app */;
			productType = "com.apple.product-type.application";
		};
/* End PBXNativeTarget section */

/* Begin PBXProject section */
		B95296622652B64500D8C8DD /* Project object */ = {
			isa = PBXProject;
			attributes = {
				LastSwiftUpdateCheck = 1250;
				LastUpgradeCheck = 1250;
				TargetAttributes = {
					B95296692652B64500D8C8DD = {
						CreatedOnToolsVersion = 12.5;
					};
				};
			};
			buildConfigurationList = B95296652652B64500D8C8DD /* Build configuration list for PBXProject "Swift-calc" */;
			compatibilityVersion = "Xcode 9.3";
			developmentRegion = en;
			hasScannedForEncodings = 0;
			knownRegions = (
				en,
				Base,
			);
			mainGroup = B95296612652B64500D8C8DD;
			productRefGroup = B952966B2652B64500D8C8DD /* Products */;
			projectDirPath = "";
			projectRoot = "";
			targets = (
				B95296692652B64500D8C8DD /* Swift-calc */,
			);
		};
/* End PBXProject section */

/* Begin PBXResourcesBuildPhase section */
		B95296682652B64500D8C8DD /* Resources */ = {
			isa = PBXResourcesBuildPhase;
			buildActionMask = 2147483647;
			files = (
				B952967A2652B64600D8C8DD /* LaunchScreen.storyboard in Resources */,
				B95296772652B64600D8C8DD /* Assets.xcassets in Resources */,
				B95296752652B64500D8C8DD /* Main.storyboard in Resources */,
			);
			runOnlyForDeploymentPostprocessing = 0;
		};
/* End PBXResourcesBuildPhase section */

/* Begin PBXSourcesBuildPhase section */
		B95296662652B64500D8C8DD /* Sources */ = {
			isa = PBXSourcesBuildPhase;
			buildActionMask = 2147483647;
			files = (
				B95296822652C45B00D8C8DD /* MathHandler.swift in Sources */,
				B95296722652B64500D8C8DD /* ViewController.swift in Sources */,
				B952966E2652B64500D8C8DD /* AppDelegate.swift in Sources */,
				B95296702652B64500D8C8DD /* SceneDelegate.swift in Sources */,
			);
			runOnlyForDeploymentPostprocessing = 0;
		};
/* End PBXSourcesBuildPhase section */

/* Begin PBXVariantGroup section */
		B95296732652B64500D8C8DD /* Main.storyboard */ = {
			isa = PBXVariantGroup;
			children = (
				B95296742652B64500D8C8DD /* Base */,
			);
			name = Main.storyboard;
			sourceTree = "<group>";
		};
		B95296782652B64600D8C8DD /* LaunchScreen.storyboard */ = {
			isa = PBXVariantGroup;
			children = (
				B95296792652B64600D8C8DD /* Base */,
			);
			name = LaunchScreen.storyboard;
			sourceTree = "<group>";
		};
/* End PBXVariantGroup section */

/* Begin XCBuildConfiguration section */
		B952967C2652B64600D8C8DD /* Debug */ = {
			isa = XCBuildConfiguration;
			buildSettings = {
				ALWAYS_SEARCH_USER_PATHS = NO;
				CLANG_ANALYZER_NONNULL = YES;
				CLANG_ANALYZER_NUMBER_OBJECT_CONVERSION = YES_AGGRESSIVE;
				CLANG_CXX_LANGUAGE_STANDARD = "gnu++14";
				CLANG_CXX_LIBRARY = "libc++";
				CLANG_ENABLE_MODULES = YES;
				CLANG_ENABLE_OBJC_ARC = YES;
				CLANG_ENABLE_OBJC_WEAK = YES;
				CLANG_WARN_BLOCK_CAPTURE_AUTORELEASING = YES;
				CLANG_WARN_BOOL_CONVERSION = YES;
				CLANG_WARN_COMMA = YES;
				CLANG_WARN_CONSTANT_CONVERSION = YES;
				CLANG_WARN_DEPRECATED_OBJC_IMPLEMENTATIONS = YES;
				CLANG_WARN_DIRECT_OBJC_ISA_USAGE = YES_ERROR;
				CLANG_WARN_DOCUMENTATION_COMMENTS = YES;
				CLANG_WARN_EMPTY_BODY = YES;
				CLANG_WARN_ENUM_CONVERSION = YES;
				CLANG_WARN_INFINITE_RECURSION = YES;
				CLANG_WARN_INT_CONVERSION = YES;
				CLANG_WARN_NON_LITERAL_NULL_CONVERSION = YES;
				CLANG_WARN_OBJC_IMPLICIT_RETAIN_SELF = YES;
				CLANG_WARN_OBJC_LITERAL_CONVERSION = YES;
				CLANG_WARN_OBJC_ROOT_CLASS = YES_ERROR;
				CLANG_WARN_QUOTED_INCLUDE_IN_FRAMEWORK_HEADER = YES;
				CLANG_WARN_RANGE_LOOP_ANALYSIS = YES;
				CLANG_WARN_STRICT_PROTOTYPES = YES;
				CLANG_WARN_SUSPICIOUS_MOVE = YES;
				CLANG_WARN_UNGUARDED_AVAILABILITY = YES_AGGRESSIVE;
				CLANG_WARN_UNREACHABLE_CODE = YES;
				CLANG_WARN__DUPLICATE_METHOD_MATCH = YES;
				COPY_PHASE_STRIP = NO;
				DEBUG_INFORMATION_FORMAT = dwarf;
				ENABLE_STRICT_OBJC_MSGSEND = YES;
				ENABLE_TESTABILITY = YES;
				GCC_C_LANGUAGE_STANDARD = gnu11;
				GCC_DYNAMIC_NO_PIC = NO;
				GCC_NO_COMMON_BLOCKS = YES;
				GCC_OPTIMIZATION_LEVEL = 0;
				GCC_PREPROCESSOR_DEFINITIONS = (
					"DEBUG=1",
					"$(inherited)",
				);
				GCC_WARN_64_TO_32_BIT_CONVERSION = YES;
				GCC_WARN_ABOUT_RETURN_TYPE = YES_ERROR;
				GCC_WARN_UNDECLARED_SELECTOR = YES;
				GCC_WARN_UNINITIALIZED_AUTOS = YES_AGGRESSIVE;
				GCC_WARN_UNUSED_FUNCTION = YES;
				GCC_WARN_UNUSED_VARIABLE = YES;
				IPHONEOS_DEPLOYMENT_TARGET = 14.5;
				MTL_ENABLE_DEBUG_INFO = INCLUDE_SOURCE;
				MTL_FAST_MATH = YES;
				ONLY_ACTIVE_ARCH = YES;
				SDKROOT = iphoneos;
				SWIFT_ACTIVE_COMPILATION_CONDITIONS = DEBUG;
				SWIFT_OPTIMIZATION_LEVEL = "-Onone";
			};
			name = Debug;
		};
		B952967D2652B64600D8C8DD /* Release */ = {
			isa = XCBuildConfiguration;
			buildSettings = {
				ALWAYS_SEARCH_USER_PATHS = NO;
				CLANG_ANALYZER_NONNULL = YES;
				CLANG_ANALYZER_NUMBER_OBJECT_CONVERSION = YES_AGGRESSIVE;
				CLANG_CXX_LANGUAGE_STANDARD = "gnu++14";
				CLANG_CXX_LIBRARY = "libc++";
				CLANG_ENABLE_MODULES = YES;
				CLANG_ENABLE_OBJC_ARC = YES;
				CLANG_ENABLE_OBJC_WEAK = YES;
				CLANG_WARN_BLOCK_CAPTURE_AUTORELEASING = YES;
				CLANG_WARN_BOOL_CONVERSION = YES;
				CLANG_WARN_COMMA = YES;
				CLANG_WARN_CONSTANT_CONVERSION = YES;
				CLANG_WARN_DEPRECATED_OBJC_IMPLEMENTATIONS = YES;
				CLANG_WARN_DIRECT_OBJC_ISA_USAGE = YES_ERROR;
				CLANG_WARN_DOCUMENTATION_COMMENTS = YES;
				CLANG_WARN_EMPTY_BODY = YES;
				CLANG_WARN_ENUM_CONVERSION = YES;
				CLANG_WARN_INFINITE_RECURSION = YES;
				CLANG_WARN_INT_CONVERSION = YES;
				CLANG_WARN_NON_LITERAL_NULL_CONVERSION = YES;
				CLANG_WARN_OBJC_IMPLICIT_RETAIN_SELF = YES;
				CLANG_WARN_OBJC_LITERAL_CONVERSION = YES;
				CLANG_WARN_OBJC_ROOT_CLASS = YES_ERROR;
				CLANG_WARN_QUOTED_INCLUDE_IN_FRAMEWORK_HEADER = YES;
				CLANG_WARN_RANGE_LOOP_ANALYSIS = YES;
				CLANG_WARN_STRICT_PROTOTYPES = YES;
				CLANG_WARN_SUSPICIOUS_MOVE = YES;
				CLANG_WARN_UNGUARDED_AVAILABILITY = YES_AGGRESSIVE;
				CLANG_WARN_UNREACHABLE_CODE = YES;
				CLANG_WARN__DUPLICATE_METHOD_MATCH = YES;
				COPY_PHASE_STRIP = NO;
				DEBUG_INFORMATION_FORMAT = "dwarf-with-dsym";
				ENABLE_NS_ASSERTIONS = NO;
				ENABLE_STRICT_OBJC_MSGSEND = YES;
				GCC_C_LANGUAGE_STANDARD = gnu11;
				GCC_NO_COMMON_BLOCKS = YES;
				GCC_WARN_64_TO_32_BIT_CONVERSION = YES;
				GCC_WARN_ABOUT_RETURN_TYPE = YES_ERROR;
				GCC_WARN_UNDECLARED_SELECTOR = YES;
				GCC_WARN_UNINITIALIZED_AUTOS = YES_AGGRESSIVE;
				GCC_WARN_UNUSED_FUNCTION = YES;
				GCC_WARN_UNUSED_VARIABLE = YES;
				IPHONEOS_DEPLOYMENT_TARGET = 14.5;
				MTL_ENABLE_DEBUG_INFO = NO;
				MTL_FAST_MATH = YES;
				SDKROOT = iphoneos;
				SWIFT_COMPILATION_MODE = wholemodule;
				SWIFT_OPTIMIZATION_LEVEL = "-O";
				VALIDATE_PRODUCT = YES;
			};
			name = Release;
		};
		B952967F2652B64600D8C8DD /* Debug */ = {
			isa = XCBuildConfiguration;
			buildSettings = {
				ASSETCATALOG_COMPILER_APPICON_NAME = AppIcon;
				ASSETCATALOG_COMPILER_GLOBAL_ACCENT_COLOR_NAME = AccentColor;
				CODE_SIGN_STYLE = Automatic;
				INFOPLIST_FILE = "Swift-calc/Info.plist";
				LD_RUNPATH_SEARCH_PATHS = (
					"$(inherited)",
					"@executable_path/Frameworks",
				);
				PRODUCT_BUNDLE_IDENTIFIER = "Dylan-Kelly.Swift-calc";
				PRODUCT_NAME = "$(TARGET_NAME)";
				SWIFT_VERSION = 5.0;
				TARGETED_DEVICE_FAMILY = "1,2";
			};
			name = Debug;
		};
		B95296802652B64600D8C8DD /* Release */ = {
			isa = XCBuildConfiguration;
			buildSettings = {
				ASSETCATALOG_COMPILER_APPICON_NAME = AppIcon;
				ASSETCATALOG_COMPILER_GLOBAL_ACCENT_COLOR_NAME = AccentColor;
				CODE_SIGN_STYLE = Automatic;
				INFOPLIST_FILE = "Swift-calc/Info.plist";
				LD_RUNPATH_SEARCH_PATHS = (
					"$(inherited)",
					"@executable_path/Frameworks",
				);
				PRODUCT_BUNDLE_IDENTIFIER = "Dylan-Kelly.Swift-calc";
				PRODUCT_NAME = "$(TARGET_NAME)";
				SWIFT_VERSION = 5.0;
				TARGETED_DEVICE_FAMILY = "1,2";
			};
			name = Release;
		};
/* End XCBuildConfiguration section */

/* Begin XCConfigurationList section */
		B95296652652B64500D8C8DD /* Build configuration list for PBXProject "Swift-calc" */ = {
			isa = XCConfigurationList;
			buildConfigurations = (
				B952967C2652B64600D8C8DD /* Debug */,
				B952967D2652B64600D8C8DD /* Release */,
			);
			defaultConfigurationIsVisible = 0;
			defaultConfigurationName = Release;
		};
		B952967E2652B64600D8C8DD /* Build configuration list for PBXNativeTarget "Swift-calc" */ = {
			isa = XCConfigurationList;
			buildConfigurations = (
				B952967F2652B64600D8C8DD /* Debug */,
				B95296802652B64600D8C8DD /* Release */,
			);
			defaultConfigurationIsVisible = 0;
			defaultConfigurationName = Release;
		};
/* End XCConfigurationList section */
	};
	rootObject = B95296622652B64500D8C8DD /* Project object */;
}
